Microsoft Visual Studio Solution File, Format Version 12.00
# Visual Studio Version 17
VisualStudioVersion = 17.5.2.0
MinimumVisualStudioVersion = 10.0.40219.1
Project("{FAE04EC0-301F-11D3-BF4B-00C04F79EFBC}") = "a1", "a1.csproj", "{4E022D5E-D5ED-9144-D724-4A3F98C133D5}"
EndProject
Global
	GlobalSection(SolutionConfigurationPlatforms) = preSolution
		Debug|Any CPU = Debug|Any CPU
		Release|Any CPU = Release|Any CPU
	EndGlobalSection
	GlobalSection(ProjectConfigurationPlatforms) = postSolution
		{4E022D5E-D5ED-9144-D724-4A3F98C133D5}.Debug|Any CPU.ActiveCfg = Debug|Any CPU
		{4E022D5E-D5ED-9144-D724-4A3F98C133D5}.Debug|Any CPU.Build.0 = Debug|Any CPU
		{4E022D5E-D5ED-9144-D724-4A3F98C133D5}.Release|Any CPU.ActiveCfg = Release|Any CPU
		{4E022D5E-D5ED-9144-D724-4A3F98C133D5}.Release|Any CPU.Build.0 = Release|Any CPU
	EndGlobalSection
	GlobalSection(SolutionProperties) = preSolution
		HideSolutionNode = FALSE
	EndGlobalSection
	GlobalSection(ExtensibilityGlobals) = postSolution
		SolutionGuid = {52DAFF2C-BBCA-43AF-8116-41A6E155AF22}
	EndGlobalSection
EndGlobal
